
Microsoft Visual Studio Solution File, Format Version 12.00
# Visual Studio Version 16
VisualStudioVersion = 16.0.32228.343
MinimumVisualStudioVersion = 10.0.40219.1
Project("{FAE04EC0-301F-11D3-BF4B-00C04F79EFBC}") = "Reverse_string", "Reverse_string.csproj", "{F3BF3C09-1DDD-4D82-8250-762A4AFA4478}"
EndProject
Global
	GlobalSection(SolutionConfigurationPlatforms) = preSolution
		Debug|Any CPU = Debug|Any CPU
		Release|Any CPU = Release|Any CPU
	EndGlobalSection
	GlobalSection(ProjectConfigurationPlatforms) = postSolution
		{F3BF3C09-1DDD-4D82-8250-762A4AFA4478}.Debug|Any CPU.ActiveCfg = Debug|Any CPU
		{F3BF3C09-1DDD-4D82-8250-762A4AFA4478}.Debug|Any CPU.Build.0 = Debug|Any CPU
		{F3BF3C09-1DDD-4D82-8250-762A4AFA4478}.Release|Any CPU.ActiveCfg = Release|Any CPU
		{F3BF3C09-1DDD-4D82-8250-762A4AFA4478}.Release|Any CPU.Build.0 = Release|Any CPU
	EndGlobalSection
	GlobalSection(SolutionProperties) = preSolution
		HideSolutionNode = FALSE
	EndGlobalSection
	GlobalSection(ExtensibilityGlobals) = postSolution
		SolutionGuid = {C6129D5C-B55F-4F7E-9EB4-E1F553EA9E5A}
	EndGlobalSection
EndGlobal
